
Microsoft Visual Studio Solution File, Format Version 12.00
# Visual Studio Version 16
VisualStudioVersion = 16.0.29509.3
MinimumVisualStudioVersion = 10.0.40219.1
Project("{FAE04EC0-301F-11D3-BF4B-00C04F79EFBC}") = "ConsumeSellersApi", "ConsumeSellersApi\ConsumeSellersApi.csproj", "{FD027E36-BF97-4708-B433-E023B70A621A}"
EndProject
Global
	GlobalSection(SolutionConfigurationPlatforms) = preSolution
		Debug|Any CPU = Debug|Any CPU
		Release|Any CPU = Release|Any CPU
	EndGlobalSection
	GlobalSection(ProjectConfigurationPlatforms) = postSolution
		{FD027E36-BF97-4708-B433-E023B70A621A}.Debug|Any CPU.ActiveCfg = Debug|Any CPU
		{FD027E36-BF97-4708-B433-E023B70A621A}.Debug|Any CPU.Build.0 = Debug|Any CPU
		{FD027E36-BF97-4708-B433-E023B70A621A}.Release|Any CPU.ActiveCfg = Release|Any CPU
		{FD027E36-BF97-4708-B433-E023B70A621A}.Release|Any CPU.Build.0 = Release|Any CPU
	EndGlobalSection
	GlobalSection(SolutionProperties) = preSolution
		HideSolutionNode = FALSE
	EndGlobalSection
	GlobalSection(ExtensibilityGlobals) = postSolution
		SolutionGuid = {0ED4AF9B-8756-409C-A0B7-DE54A99DD19E}
	EndGlobalSection
EndGlobal
